
Microsoft Visual Studio Solution File, Format Version 12.00
# Visual Studio 14
VisualStudioVersion = 14.0.25420.1
MinimumVisualStudioVersion = 10.0.40219.1
Project("{FAE04EC0-301F-11D3-BF4B-00C04F79EFBC}") = "AbstractFactoryDP", "AbstractFactoryDP\AbstractFactoryDP.csproj", "{BEF7C434-8ADE-422F-AFDE-86B4D76D0B58}"
EndProject
Global
	GlobalSection(SolutionConfigurationPlatforms) = preSolution
		Debug|Any CPU = Debug|Any CPU
		Release|Any CPU = Release|Any CPU
	EndGlobalSection
	GlobalSection(ProjectConfigurationPlatforms) = postSolution
		{BEF7C434-8ADE-422F-AFDE-86B4D76D0B58}.Debug|Any CPU.ActiveCfg = Debug|Any CPU
		{BEF7C434-8ADE-422F-AFDE-86B4D76D0B58}.Debug|Any CPU.Build.0 = Debug|Any CPU
		{BEF7C434-8ADE-422F-AFDE-86B4D76D0B58}.Release|Any CPU.ActiveCfg = Release|Any CPU
		{BEF7C434-8ADE-422F-AFDE-86B4D76D0B58}.Release|Any CPU.Build.0 = Release|Any CPU
	EndGlobalSection
	GlobalSection(SolutionProperties) = preSolution
		HideSolutionNode = FALSE
	EndGlobalSection
EndGlobal
